// !$*UTF8*$!
{
	archiveVersion = 1;
	classes = {
	};
	objectVersion = 46;
	objects = {

/* Begin PBXFileReference section */
		B6009B821B2F868A00E891E5 /* SignalPG.h */ = {isa = PBXFileReference; lastKnownFileType = sourcecode.c.h; path = SignalPG.h; sourceTree = "<group>"; };
		B6009B831B2F868A00E891E5 /* SignalPG.m */ = {isa = PBXFileReference; lastKnownFileType = sourcecode.c.objc; path = SignalPG.m; sourceTree = "<group>"; };
		B6009B871B2F894200E891E5 /* SignalUI.framework */ = {isa = PBXFileReference; lastKnownFileType = wrapper.framework; path = SignalUI.framework; sourceTree = "<group>"; };
		B6009B8F1B3332BB00E891E5 /* CDV.h */ = {isa = PBXFileReference; lastKnownFileType = sourcecode.c.h; path = CDV.h; sourceTree = "<group>"; };
		B6009B901B3332BB00E891E5 /* CDVAvailability.h */ = {isa = PBXFileReference; lastKnownFileType = sourcecode.c.h; path = CDVAvailability.h; sourceTree = "<group>"; };
		B6009B911B3332BB00E891E5 /* CDVAvailabilityDeprecated.h */ = {isa = PBXFileReference; lastKnownFileType = sourcecode.c.h; path = CDVAvailabilityDeprecated.h; sourceTree = "<group>"; };
		B6009B921B3332BB00E891E5 /* CDVCommandDelegate.h */ = {isa = PBXFileReference; lastKnownFileType = sourcecode.c.h; path = CDVCommandDelegate.h; sourceTree = "<group>"; };
		B6009B931B3332BB00E891E5 /* CDVCommandDelegateImpl.h */ = {isa = PBXFileReference; lastKnownFileType = sourcecode.c.h; path = CDVCommandDelegateImpl.h; sourceTree = "<group>"; };
		B6009B941B3332BB00E891E5 /* CDVCommandDelegateImpl.m */ = {isa = PBXFileReference; lastKnownFileType = sourcecode.c.objc; path = CDVCommandDelegateImpl.m; sourceTree = "<group>"; };
		B6009B951B3332BB00E891E5 /* CDVCommandQueue.h */ = {isa = PBXFileReference; lastKnownFileType = sourcecode.c.h; path = CDVCommandQueue.h; sourceTree = "<group>"; };
		B6009B961B3332BB00E891E5 /* CDVCommandQueue.m */ = {isa = PBXFileReference; lastKnownFileType = sourcecode.c.objc; path = CDVCommandQueue.m; sourceTree = "<group>"; };
		B6009B971B3332BB00E891E5 /* CDVConfigParser.h */ = {isa = PBXFileReference; lastKnownFileType = sourcecode.c.h; path = CDVConfigParser.h; sourceTree = "<group>"; };
		B6009B981B3332BB00E891E5 /* CDVConfigParser.m */ = {isa = PBXFileReference; lastKnownFileType = sourcecode.c.objc; path = CDVConfigParser.m; sourceTree = "<group>"; };
		B6009B991B3332BB00E891E5 /* CDVDebug.h */ = {isa = PBXFileReference; lastKnownFileType = sourcecode.c.h; path = CDVDebug.h; sourceTree = "<group>"; };
		B6009B9A1B3332BB00E891E5 /* CDVHandleOpenURL.h */ = {isa = PBXFileReference; lastKnownFileType = sourcecode.c.h; path = CDVHandleOpenURL.h; sourceTree = "<group>"; };
		B6009B9B1B3332BB00E891E5 /* CDVHandleOpenURL.m */ = {isa = PBXFileReference; lastKnownFileType = sourcecode.c.objc; path = CDVHandleOpenURL.m; sourceTree = "<group>"; };
		B6009B9C1B3332BB00E891E5 /* CDVInvokedUrlCommand.h */ = {isa = PBXFileReference; lastKnownFileType = sourcecode.c.h; path = CDVInvokedUrlCommand.h; sourceTree = "<group>"; };
		B6009B9D1B3332BB00E891E5 /* CDVInvokedUrlCommand.m */ = {isa = PBXFileReference; lastKnownFileType = sourcecode.c.objc; path = CDVInvokedUrlCommand.m; sourceTree = "<group>"; };
		B6009B9E1B3332BB00E891E5 /* CDVJSON.h */ = {isa = PBXFileReference; lastKnownFileType = sourcecode.c.h; path = CDVJSON.h; sourceTree = "<group>"; };
		B6009B9F1B3332BB00E891E5 /* CDVJSON.m */ = {isa = PBXFileReference; lastKnownFileType = sourcecode.c.objc; path = CDVJSON.m; sourceTree = "<group>"; };
		B6009BA01B3332BB00E891E5 /* CDVJSON_private.h */ = {isa = PBXFileReference; lastKnownFileType = sourcecode.c.h; path = CDVJSON_private.h; sourceTree = "<group>"; };
		B6009BA11B3332BB00E891E5 /* CDVJSON_private.m */ = {isa = PBXFileReference; lastKnownFileType = sourcecode.c.objc; path = CDVJSON_private.m; sourceTree = "<group>"; };
		B6009BA21B3332BB00E891E5 /* CDVLocalStorage.h */ = {isa = PBXFileReference; lastKnownFileType = sourcecode.c.h; path = CDVLocalStorage.h; sourceTree = "<group>"; };
		B6009BA31B3332BB00E891E5 /* CDVLocalStorage.m */ = {isa = PBXFileReference; lastKnownFileType = sourcecode.c.objc; path = CDVLocalStorage.m; sourceTree = "<group>"; };
		B6009BA41B3332BB00E891E5 /* CDVPlugin.h */ = {isa = PBXFileReference; lastKnownFileType = sourcecode.c.h; path = CDVPlugin.h; sourceTree = "<group>"; };
		B6009BA51B3332BB00E891E5 /* CDVPlugin.m */ = {isa = PBXFileReference; lastKnownFileType = sourcecode.c.objc; path = CDVPlugin.m; sourceTree = "<group>"; };
		B6009BA61B3332BB00E891E5 /* CDVPluginResult.h */ = {isa = PBXFileReference; lastKnownFileType = sourcecode.c.h; path = CDVPluginResult.h; sourceTree = "<group>"; };
		B6009BA71B3332BB00E891E5 /* CDVPluginResult.m */ = {isa = PBXFileReference; lastKnownFileType = sourcecode.c.objc; path = CDVPluginResult.m; sourceTree = "<group>"; };
		B6009BA81B3332BB00E891E5 /* CDVScreenOrientationDelegate.h */ = {isa = PBXFileReference; lastKnownFileType = sourcecode.c.h; path = CDVScreenOrientationDelegate.h; sourceTree = "<group>"; };
		B6009BA91B3332BB00E891E5 /* CDVShared.h */ = {isa = PBXFileReference; lastKnownFileType = sourcecode.c.h; path = CDVShared.h; sourceTree = "<group>"; };
		B6009BAA1B3332BB00E891E5 /* CDVTimer.h */ = {isa = PBXFileReference; lastKnownFileType = sourcecode.c.h; path = CDVTimer.h; sourceTree = "<group>"; };
		B6009BAB1B3332BB00E891E5 /* CDVTimer.m */ = {isa = PBXFileReference; lastKnownFileType = sourcecode.c.objc; path = CDVTimer.m; sourceTree = "<group>"; };
		B6009BAC1B3332BB00E891E5 /* CDVURLProtocol.h */ = {isa = PBXFileReference; lastKnownFileType = sourcecode.c.h; path = CDVURLProtocol.h; sourceTree = "<group>"; };
		B6009BAD1B3332BB00E891E5 /* CDVURLProtocol.m */ = {isa = PBXFileReference; lastKnownFileType = sourcecode.c.objc; path = CDVURLProtocol.m; sourceTree = "<group>"; };
		B6009BAE1B3332BB00E891E5 /* CDVUserAgentUtil.h */ = {isa = PBXFileReference; lastKnownFileType = sourcecode.c.h; path = CDVUserAgentUtil.h; sourceTree = "<group>"; };
		B6009BAF1B3332BB00E891E5 /* CDVUserAgentUtil.m */ = {isa = PBXFileReference; lastKnownFileType = sourcecode.c.objc; path = CDVUserAgentUtil.m; sourceTree = "<group>"; };
		B6009BB01B3332BB00E891E5 /* CDVViewController.h */ = {isa = PBXFileReference; lastKnownFileType = sourcecode.c.h; path = CDVViewController.h; sourceTree = "<group>"; };
		B6009BB11B3332BB00E891E5 /* CDVViewController.m */ = {isa = PBXFileReference; lastKnownFileType = sourcecode.c.objc; path = CDVViewController.m; sourceTree = "<group>"; };
		B6009BB21B3332BB00E891E5 /* CDVWebViewDelegate.h */ = {isa = PBXFileReference; lastKnownFileType = sourcecode.c.h; path = CDVWebViewDelegate.h; sourceTree = "<group>"; };
		B6009BB31B3332BB00E891E5 /* CDVWebViewDelegate.m */ = {isa = PBXFileReference; lastKnownFileType = sourcecode.c.objc; path = CDVWebViewDelegate.m; sourceTree = "<group>"; };
		B6009BB41B3332BB00E891E5 /* CDVWhitelist.h */ = {isa = PBXFileReference; lastKnownFileType = sourcecode.c.h; path = CDVWhitelist.h; sourceTree = "<group>"; };
		B6009BB51B3332BB00E891E5 /* CDVWhitelist.m */ = {isa = PBXFileReference; lastKnownFileType = sourcecode.c.objc; path = CDVWhitelist.m; sourceTree = "<group>"; };
		B6009BB61B3332BB00E891E5 /* NSArray+Comparisons.h */ = {isa = PBXFileReference; lastKnownFileType = sourcecode.c.h; path = "NSArray+Comparisons.h"; sourceTree = "<group>"; };
		B6009BB71B3332BB00E891E5 /* NSArray+Comparisons.m */ = {isa = PBXFileReference; lastKnownFileType = sourcecode.c.objc; path = "NSArray+Comparisons.m"; sourceTree = "<group>"; };
		B6009BB81B3332BB00E891E5 /* NSData+Base64.h */ = {isa = PBXFileReference; lastKnownFileType = sourcecode.c.h; path = "NSData+Base64.h"; sourceTree = "<group>"; };
		B6009BB91B3332BB00E891E5 /* NSData+Base64.m */ = {isa = PBXFileReference; lastKnownFileType = sourcecode.c.objc; path = "NSData+Base64.m"; sourceTree = "<group>"; };
		B6009BBA1B3332BB00E891E5 /* NSDictionary+Extensions.h */ = {isa = PBXFileReference; lastKnownFileType = sourcecode.c.h; path = "NSDictionary+Extensions.h"; sourceTree = "<group>"; };
		B6009BBB1B3332BB00E891E5 /* NSDictionary+Extensions.m */ = {isa = PBXFileReference; lastKnownFileType = sourcecode.c.objc; path = "NSDictionary+Extensions.m"; sourceTree = "<group>"; };
		B6009BBC1B3332BB00E891E5 /* NSMutableArray+QueueAdditions.h */ = {isa = PBXFileReference; lastKnownFileType = sourcecode.c.h; path = "NSMutableArray+QueueAdditions.h"; sourceTree = "<group>"; };
		B6009BBD1B3332BB00E891E5 /* NSMutableArray+QueueAdditions.m */ = {isa = PBXFileReference; lastKnownFileType = sourcecode.c.objc; path = "NSMutableArray+QueueAdditions.m"; sourceTree = "<group>"; };
		B6009BBE1B3332BB00E891E5 /* UIDevice+Extensions.h */ = {isa = PBXFileReference; lastKnownFileType = sourcecode.c.h; path = "UIDevice+Extensions.h"; sourceTree = "<group>"; };
		B6009BBF1B3332BB00E891E5 /* UIDevice+Extensions.m */ = {isa = PBXFileReference; lastKnownFileType = sourcecode.c.objc; path = "UIDevice+Extensions.m"; sourceTree = "<group>"; };
/* End PBXFileReference section */

/* Begin PBXGroup section */
		B6009B7B1B2F82E500E891E5 = {
			isa = PBXGroup;
			children = (
				B6009B8E1B3332BB00E891E5 /* Cordova */,
				B6009B871B2F894200E891E5 /* SignalUI.framework */,
				B6009B821B2F868A00E891E5 /* SignalPG.h */,
				B6009B831B2F868A00E891E5 /* SignalPG.m */,
			);
			sourceTree = "<group>";
		};
		B6009B8E1B3332BB00E891E5 /* Cordova */ = {
			isa = PBXGroup;
			children = (
				B6009B8F1B3332BB00E891E5 /* CDV.h */,
				B6009B901B3332BB00E891E5 /* CDVAvailability.h */,
				B6009B911B3332BB00E891E5 /* CDVAvailabilityDeprecated.h */,
				B6009B921B3332BB00E891E5 /* CDVCommandDelegate.h */,
				B6009B931B3332BB00E891E5 /* CDVCommandDelegateImpl.h */,
				B6009B941B3332BB00E891E5 /* CDVCommandDelegateImpl.m */,
				B6009B951B3332BB00E891E5 /* CDVCommandQueue.h */,
				B6009B961B3332BB00E891E5 /* CDVCommandQueue.m */,
				B6009B971B3332BB00E891E5 /* CDVConfigParser.h */,
				B6009B981B3332BB00E891E5 /* CDVConfigParser.m */,
				B6009B991B3332BB00E891E5 /* CDVDebug.h */,
				B6009B9A1B3332BB00E891E5 /* CDVHandleOpenURL.h */,
				B6009B9B1B3332BB00E891E5 /* CDVHandleOpenURL.m */,
				B6009B9C1B3332BB00E891E5 /* CDVInvokedUrlCommand.h */,
				B6009B9D1B3332BB00E891E5 /* CDVInvokedUrlCommand.m */,
				B6009B9E1B3332BB00E891E5 /* CDVJSON.h */,
				B6009B9F1B3332BB00E891E5 /* CDVJSON.m */,
				B6009BA01B3332BB00E891E5 /* CDVJSON_private.h */,
				B6009BA11B3332BB00E891E5 /* CDVJSON_private.m */,
				B6009BA21B3332BB00E891E5 /* CDVLocalStorage.h */,
				B6009BA31B3332BB00E891E5 /* CDVLocalStorage.m */,
				B6009BA41B3332BB00E891E5 /* CDVPlugin.h */,
				B6009BA51B3332BB00E891E5 /* CDVPlugin.m */,
				B6009BA61B3332BB00E891E5 /* CDVPluginResult.h */,
				B6009BA71B3332BB00E891E5 /* CDVPluginResult.m */,
				B6009BA81B3332BB00E891E5 /* CDVScreenOrientationDelegate.h */,
				B6009BA91B3332BB00E891E5 /* CDVShared.h */,
				B6009BAA1B3332BB00E891E5 /* CDVTimer.h */,
				B6009BAB1B3332BB00E891E5 /* CDVTimer.m */,
				B6009BAC1B3332BB00E891E5 /* CDVURLProtocol.h */,
				B6009BAD1B3332BB00E891E5 /* CDVURLProtocol.m */,
				B6009BAE1B3332BB00E891E5 /* CDVUserAgentUtil.h */,
				B6009BAF1B3332BB00E891E5 /* CDVUserAgentUtil.m */,
				B6009BB01B3332BB00E891E5 /* CDVViewController.h */,
				B6009BB11B3332BB00E891E5 /* CDVViewController.m */,
				B6009BB21B3332BB00E891E5 /* CDVWebViewDelegate.h */,
				B6009BB31B3332BB00E891E5 /* CDVWebViewDelegate.m */,
				B6009BB41B3332BB00E891E5 /* CDVWhitelist.h */,
				B6009BB51B3332BB00E891E5 /* CDVWhitelist.m */,
				B6009BB61B3332BB00E891E5 /* NSArray+Comparisons.h */,
				B6009BB71B3332BB00E891E5 /* NSArray+Comparisons.m */,
				B6009BB81B3332BB00E891E5 /* NSData+Base64.h */,
				B6009BB91B3332BB00E891E5 /* NSData+Base64.m */,
				B6009BBA1B3332BB00E891E5 /* NSDictionary+Extensions.h */,
				B6009BBB1B3332BB00E891E5 /* NSDictionary+Extensions.m */,
				B6009BBC1B3332BB00E891E5 /* NSMutableArray+QueueAdditions.h */,
				B6009BBD1B3332BB00E891E5 /* NSMutableArray+QueueAdditions.m */,
				B6009BBE1B3332BB00E891E5 /* UIDevice+Extensions.h */,
				B6009BBF1B3332BB00E891E5 /* UIDevice+Extensions.m */,
			);
			name = Cordova;
			path = Classes;
			sourceTree = "<group>";
		};
/* End PBXGroup section */

/* Begin PBXProject section */
		B6009B7C1B2F82E500E891E5 /* Project object */ = {
			isa = PBXProject;
			attributes = {
				LastUpgradeCheck = 0630;
			};
			buildConfigurationList = B6009B7F1B2F82E500E891E5 /* Build configuration list for PBXProject "signal-phonegap" */;
			compatibilityVersion = "Xcode 3.2";
			developmentRegion = English;
			hasScannedForEncodings = 0;
			knownRegions = (
				en,
			);
			mainGroup = B6009B7B1B2F82E500E891E5;
			projectDirPath = "";
			projectRoot = "";
			targets = (
			);
		};
/* End PBXProject section */

/* Begin XCBuildConfiguration section */
		B6009B801B2F82E500E891E5 /* Debug */ = {
			isa = XCBuildConfiguration;
			buildSettings = {
			};
			name = Debug;
		};
		B6009B811B2F82E500E891E5 /* Release */ = {
			isa = XCBuildConfiguration;
			buildSettings = {
			};
			name = Release;
		};
/* End XCBuildConfiguration section */

/* Begin XCConfigurationList section */
		B6009B7F1B2F82E500E891E5 /* Build configuration list for PBXProject "signal-phonegap" */ = {
			isa = XCConfigurationList;
			buildConfigurations = (
				B6009B801B2F82E500E891E5 /* Debug */,
				B6009B811B2F82E500E891E5 /* Release */,
			);
			defaultConfigurationIsVisible = 0;
			defaultConfigurationName = Release;
		};
/* End XCConfigurationList section */
	};
	rootObject = B6009B7C1B2F82E500E891E5 /* Project object */;
}
